
Microsoft Visual Studio Solution File, Format Version 12.00
# Visual Studio 15
VisualStudioVersion = 15.0.27703.2047
MinimumVisualStudioVersion = 10.0.40219.1
Project("{FAE04EC0-301F-11D3-BF4B-00C04F79EFBC}") = "Camera2Sample.Android", "Camera2Sample\Camera2Sample.Android\Camera2Sample.Android.csproj", "{267B7BAB-357F-4756-8E4E-15BEC6375E30}"
EndProject
Project("{FAE04EC0-301F-11D3-BF4B-00C04F79EFBC}") = "Camera2Sample.iOS", "Camera2Sample\Camera2Sample.iOS\Camera2Sample.iOS.csproj", "{ECE154AE-15ED-4F0C-B1AB-F72D5E4C8B5B}"
EndProject
Project("{FAE04EC0-301F-11D3-BF4B-00C04F79EFBC}") = "Camera2Sample.UWP", "Camera2Sample\Camera2Sample.UWP\Camera2Sample.UWP.csproj", "{8A2C1A4F-AEFD-4569-888A-147C04DFDF3A}"
EndProject
Project("{FAE04EC0-301F-11D3-BF4B-00C04F79EFBC}") = "Camera2Sample", "Camera2Sample\Camera2Sample\Camera2Sample.csproj", "{7CABAA8F-B92D-43A6-B3AE-A6998303F4EE}"
EndProject
Global
	GlobalSection(SolutionConfigurationPlatforms) = preSolution
		Ad-Hoc|Any CPU = Ad-Hoc|Any CPU
		Ad-Hoc|ARM = Ad-Hoc|ARM
		Ad-Hoc|iPhone = Ad-Hoc|iPhone
		Ad-Hoc|iPhoneSimulator = Ad-Hoc|iPhoneSimulator
		Ad-Hoc|x64 = Ad-Hoc|x64
		Ad-Hoc|x86 = Ad-Hoc|x86
		AppStore|Any CPU = AppStore|Any CPU
		AppStore|ARM = AppStore|ARM
		AppStore|iPhone = AppStore|iPhone
		AppStore|iPhoneSimulator = AppStore|iPhoneSimulator
		AppStore|x64 = AppStore|x64
		AppStore|x86 = AppStore|x86
		Debug|Any CPU = Debug|Any CPU
		Debug|ARM = Debug|ARM
		Debug|iPhone = Debug|iPhone
		Debug|iPhoneSimulator = Debug|iPhoneSimulator
		Debug|x64 = Debug|x64
		Debug|x86 = Debug|x86
		Release|Any CPU = Release|Any CPU
		Release|ARM = Release|ARM
		Release|iPhone = Release|iPhone
		Release|iPhoneSimulator = Release|iPhoneSimulator
		Release|x64 = Release|x64
		Release|x86 = Release|x86
	EndGlobalSection
	GlobalSection(ProjectConfigurationPlatforms) = postSolution
		{267B7BAB-357F-4756-8E4E-15BEC6375E30}.Ad-Hoc|Any CPU.ActiveCfg = Release|Any CPU
		{267B7BAB-357F-4756-8E4E-15BEC6375E30}.Ad-Hoc|Any CPU.Build.0 = Release|Any CPU
		{267B7BAB-357F-4756-8E4E-15BEC6375E30}.Ad-Hoc|Any CPU.Deploy.0 = Release|Any CPU
		{267B7BAB-357F-4756-8E4E-15BEC6375E30}.Ad-Hoc|ARM.ActiveCfg = Release|Any CPU
		{267B7BAB-357F-4756-8E4E-15BEC6375E30}.Ad-Hoc|ARM.Build.0 = Release|Any CPU
		{267B7BAB-357F-4756-8E4E-15BEC6375E30}.Ad-Hoc|ARM.Deploy.0 = Release|Any CPU
		{267B7BAB-357F-4756-8E4E-15BEC6375E30}.Ad-Hoc|iPhone.ActiveCfg = Release|Any CPU
		{267B7BAB-357F-4756-8E4E-15BEC6375E30}.Ad-Hoc|iPhone.Build.0 = Release|Any CPU
		{267B7BAB-357F-4756-8E4E-15BEC6375E30}.Ad-Hoc|iPhone.Deploy.0 = Release|Any CPU
		{267B7BAB-357F-4756-8E4E-15BEC6375E30}.Ad-Hoc|iPhoneSimulator.ActiveCfg = Release|Any CPU
		{267B7BAB-357F-4756-8E4E-15BEC6375E30}.Ad-Hoc|iPhoneSimulator.Build.0 = Release|Any CPU
		{267B7BAB-357F-4756-8E4E-15BEC6375E30}.Ad-Hoc|iPhoneSimulator.Deploy.0 = Release|Any CPU
		{267B7BAB-357F-4756-8E4E-15BEC6375E30}.Ad-Hoc|x64.ActiveCfg = Release|Any CPU
		{267B7BAB-357F-4756-8E4E-15BEC6375E30}.Ad-Hoc|x64.Build.0 = Release|Any CPU
		{267B7BAB-357F-4756-8E4E-15BEC6375E30}.Ad-Hoc|x64.Deploy.0 = Release|Any CPU
		{267B7BAB-357F-4756-8E4E-15BEC6375E30}.Ad-Hoc|x86.ActiveCfg = Release|Any CPU
		{267B7BAB-357F-4756-8E4E-15BEC6375E30}.Ad-Hoc|x86.Build.0 = Release|Any CPU
		{267B7BAB-357F-4756-8E4E-15BEC6375E30}.Ad-Hoc|x86.Deploy.0 = Release|Any CPU
		{267B7BAB-357F-4756-8E4E-15BEC6375E30}.AppStore|Any CPU.ActiveCfg = Release|Any CPU
		{267B7BAB-357F-4756-8E4E-15BEC6375E30}.AppStore|Any CPU.Build.0 = Release|Any CPU
		{267B7BAB-357F-4756-8E4E-15BEC6375E30}.AppStore|Any CPU.Deploy.0 = Release|Any CPU
		{267B7BAB-357F-4756-8E4E-15BEC6375E30}.AppStore|ARM.ActiveCfg = Release|Any CPU
		{267B7BAB-357F-4756-8E4E-15BEC6375E30}.AppStore|ARM.Build.0 = Release|Any CPU
		{267B7BAB-357F-4756-8E4E-15BEC6375E30}.AppStore|ARM.Deploy.0 = Release|Any CPU
		{267B7BAB-357F-4756-8E4E-15BEC6375E30}.AppStore|iPhone.ActiveCfg = Release|Any CPU
		{267B7BAB-357F-4756-8E4E-15BEC6375E30}.AppStore|iPhone.Build.0 = Release|Any CPU
		{267B7BAB-357F-4756-8E4E-15BEC6375E30}.AppStore|iPhone.Deploy.0 = Release|Any CPU
		{267B7BAB-357F-4756-8E4E-15BEC6375E30}.AppStore|iPhoneSimulator.ActiveCfg = Release|Any CPU
		{267B7BAB-357F-4756-8E4E-15BEC6375E30}.AppStore|iPhoneSimulator.Build.0 = Release|Any CPU
		{267B7BAB-357F-4756-8E4E-15BEC6375E30}.AppStore|iPhoneSimulator.Deploy.0 = Release|Any CPU
		{267B7BAB-357F-4756-8E4E-15BEC6375E30}.AppStore|x64.ActiveCfg = Release|Any CPU
		{267B7BAB-357F-4756-8E4E-15BEC6375E30}.AppStore|x64.Build.0 = Release|Any CPU
		{267B7BAB-357F-4756-8E4E-15BEC6375E30}.AppStore|x64.Deploy.0 = Release|Any CPU
		{267B7BAB-357F-4756-8E4E-15BEC6375E30}.AppStore|x86.ActiveCfg = Release|Any CPU
		{267B7BAB-357F-4756-8E4E-15BEC6375E30}.AppStore|x86.Build.0 = Release|Any CPU
		{267B7BAB-357F-4756-8E4E-15BEC6375E30}.AppStore|x86.Deploy.0 = Release|Any CPU
		{267B7BAB-357F-4756-8E4E-15BEC6375E30}.Debug|Any CPU.ActiveCfg = Debug|Any CPU
		{267B7BAB-357F-4756-8E4E-15BEC6375E30}.Debug|Any CPU.Build.0 = Debug|Any CPU
		{267B7BAB-357F-4756-8E4E-15BEC6375E30}.Debug|Any CPU.Deploy.0 = Debug|Any CPU
		{267B7BAB-357F-4756-8E4E-15BEC6375E30}.Debug|ARM.ActiveCfg = Debug|Any CPU
		{267B7BAB-357F-4756-8E4E-15BEC6375E30}.Debug|ARM.Build.0 = Debug|Any CPU
		{267B7BAB-357F-4756-8E4E-15BEC6375E30}.Debug|ARM.Deploy.0 = Debug|Any CPU
		{267B7BAB-357F-4756-8E4E-15BEC6375E30}.Debug|iPhone.ActiveCfg = Debug|Any CPU
		{267B7BAB-357F-4756-8E4E-15BEC6375E30}.Debug|iPhone.Build.0 = Debug|Any CPU
		{267B7BAB-357F-4756-8E4E-15BEC6375E30}.Debug|iPhone.Deploy.0 = Debug|Any CPU
		{267B7BAB-357F-4756-8E4E-15BEC6375E30}.Debug|iPhoneSimulator.ActiveCfg = Debug|Any CPU
		{267B7BAB-357F-4756-8E4E-15BEC6375E30}.Debug|iPhoneSimulator.Build.0 = Debug|Any CPU
		{267B7BAB-357F-4756-8E4E-15BEC6375E30}.Debug|iPhoneSimulator.Deploy.0 = Debug|Any CPU
		{267B7BAB-357F-4756-8E4E-15BEC6375E30}.Debug|x64.ActiveCfg = Debug|Any CPU
		{267B7BAB-357F-4756-8E4E-15BEC6375E30}.Debug|x64.Build.0 = Debug|Any CPU
		{267B7BAB-357F-4756-8E4E-15BEC6375E30}.Debug|x64.Deploy.0 = Debug|Any CPU
		{267B7BAB-357F-4756-8E4E-15BEC6375E30}.Debug|x86.ActiveCfg = Debug|Any CPU
		{267B7BAB-357F-4756-8E4E-15BEC6375E30}.Debug|x86.Build.0 = Debug|Any CPU
		{267B7BAB-357F-4756-8E4E-15BEC6375E30}.Debug|x86.Deploy.0 = Debug|Any CPU
		{267B7BAB-357F-4756-8E4E-15BEC6375E30}.Release|Any CPU.ActiveCfg = Release|Any CPU
		{267B7BAB-357F-4756-8E4E-15BEC6375E30}.Release|Any CPU.Build.0 = Release|Any CPU
		{267B7BAB-357F-4756-8E4E-15BEC6375E30}.Release|Any CPU.Deploy.0 = Release|Any CPU
		{267B7BAB-357F-4756-8E4E-15BEC6375E30}.Release|ARM.ActiveCfg = Release|Any CPU
		{267B7BAB-357F-4756-8E4E-15BEC6375E30}.Release|ARM.Build.0 = Release|Any CPU
		{267B7BAB-357F-4756-8E4E-15BEC6375E30}.Release|ARM.Deploy.0 = Release|Any CPU
		{267B7BAB-357F-4756-8E4E-15BEC6375E30}.Release|iPhone.ActiveCfg = Release|Any CPU
		{267B7BAB-357F-4756-8E4E-15BEC6375E30}.Release|iPhone.Build.0 = Release|Any CPU
		{267B7BAB-357F-4756-8E4E-15BEC6375E30}.Release|iPhone.Deploy.0 = Release|Any CPU
		{267B7BAB-357F-4756-8E4E-15BEC6375E30}.Release|iPhoneSimulator.ActiveCfg = Release|Any CPU
		{267B7BAB-357F-4756-8E4E-15BEC6375E30}.Release|iPhoneSimulator.Build.0 = Release|Any CPU
		{267B7BAB-357F-4756-8E4E-15BEC6375E30}.Release|iPhoneSimulator.Deploy.0 = Release|Any CPU
		{267B7BAB-357F-4756-8E4E-15BEC6375E30}.Release|x64.ActiveCfg = Release|Any CPU
		{267B7BAB-357F-4756-8E4E-15BEC6375E30}.Release|x64.Build.0 = Release|Any CPU
		{267B7BAB-357F-4756-8E4E-15BEC6375E30}.Release|x64.Deploy.0 = Release|Any CPU
		{267B7BAB-357F-4756-8E4E-15BEC6375E30}.Release|x86.ActiveCfg = Release|Any CPU
		{267B7BAB-357F-4756-8E4E-15BEC6375E30}.Release|x86.Build.0 = Release|Any CPU
		{267B7BAB-357F-4756-8E4E-15BEC6375E30}.Release|x86.Deploy.0 = Release|Any CPU
		{ECE154AE-15ED-4F0C-B1AB-F72D5E4C8B5B}.Ad-Hoc|Any CPU.ActiveCfg = Ad-Hoc|iPhone
		{ECE154AE-15ED-4F0C-B1AB-F72D5E4C8B5B}.Ad-Hoc|Any CPU.Build.0 = Ad-Hoc|iPhone
		{ECE154AE-15ED-4F0C-B1AB-F72D5E4C8B5B}.Ad-Hoc|Any CPU.Deploy.0 = Ad-Hoc|iPhone
		{ECE154AE-15ED-4F0C-B1AB-F72D5E4C8B5B}.Ad-Hoc|ARM.ActiveCfg = Ad-Hoc|iPhone
		{ECE154AE-15ED-4F0C-B1AB-F72D5E4C8B5B}.Ad-Hoc|ARM.Build.0 = Ad-Hoc|iPhone
		{ECE154AE-15ED-4F0C-B1AB-F72D5E4C8B5B}.Ad-Hoc|ARM.Deploy.0 = Ad-Hoc|iPhone
		{ECE154AE-15ED-4F0C-B1AB-F72D5E4C8B5B}.Ad-Hoc|iPhone.ActiveCfg = Ad-Hoc|iPhone
		{ECE154AE-15ED-4F0C-B1AB-F72D5E4C8B5B}.Ad-Hoc|iPhone.Build.0 = Ad-Hoc|iPhone
		{ECE154AE-15ED-4F0C-B1AB-F72D5E4C8B5B}.Ad-Hoc|iPhone.Deploy.0 = Ad-Hoc|iPhone
		{ECE154AE-15ED-4F0C-B1AB-F72D5E4C8B5B}.Ad-Hoc|iPhoneSimulator.ActiveCfg = Ad-Hoc|iPhoneSimulator
		{ECE154AE-15ED-4F0C-B1AB-F72D5E4C8B5B}.Ad-Hoc|iPhoneSimulator.Build.0 = Ad-Hoc|iPhoneSimulator
		{ECE154AE-15ED-4F0C-B1AB-F72D5E4C8B5B}.Ad-Hoc|iPhoneSimulator.Deploy.0 = Ad-Hoc|iPhoneSimulator
		{ECE154AE-15ED-4F0C-B1AB-F72D5E4C8B5B}.Ad-Hoc|x64.ActiveCfg = Ad-Hoc|iPhone
		{ECE154AE-15ED-4F0C-B1AB-F72D5E4C8B5B}.Ad-Hoc|x64.Build.0 = Ad-Hoc|iPhone
		{ECE154AE-15ED-4F0C-B1AB-F72D5E4C8B5B}.Ad-Hoc|x64.Deploy.0 = Ad-Hoc|iPhone
		{ECE154AE-15ED-4F0C-B1AB-F72D5E4C8B5B}.Ad-Hoc|x86.ActiveCfg = Ad-Hoc|iPhone
		{ECE154AE-15ED-4F0C-B1AB-F72D5E4C8B5B}.Ad-Hoc|x86.Build.0 = Ad-Hoc|iPhone
		{ECE154AE-15ED-4F0C-B1AB-F72D5E4C8B5B}.Ad-Hoc|x86.Deploy.0 = Ad-Hoc|iPhone
		{ECE154AE-15ED-4F0C-B1AB-F72D5E4C8B5B}.AppStore|Any CPU.ActiveCfg = AppStore|iPhone
		{ECE154AE-15ED-4F0C-B1AB-F72D5E4C8B5B}.AppStore|Any CPU.Build.0 = AppStore|iPhone
		{ECE154AE-15ED-4F0C-B1AB-F72D5E4C8B5B}.AppStore|Any CPU.Deploy.0 = AppStore|iPhone
		{ECE154AE-15ED-4F0C-B1AB-F72D5E4C8B5B}.AppStore|ARM.ActiveCfg = AppStore|iPhone
		{ECE154AE-15ED-4F0C-B1AB-F72D5E4C8B5B}.AppStore|ARM.Build.0 = AppStore|iPhone
		{ECE154AE-15ED-4F0C-B1AB-F72D5E4C8B5B}.AppStore|ARM.Deploy.0 = AppStore|iPhone
		{ECE154AE-15ED-4F0C-B1AB-F72D5E4C8B5B}.AppStore|iPhone.ActiveCfg = AppStore|iPhone
		{ECE154AE-15ED-4F0C-B1AB-F72D5E4C8B5B}.AppStore|iPhone.Build.0 = AppStore|iPhone
		{ECE154AE-15ED-4F0C-B1AB-F72D5E4C8B5B}.AppStore|iPhone.Deploy.0 = AppStore|iPhone
		{ECE154AE-15ED-4F0C-B1AB-F72D5E4C8B5B}.AppStore|iPhoneSimulator.ActiveCfg = AppStore|iPhoneSimulator
		{ECE154AE-15ED-4F0C-B1AB-F72D5E4C8B5B}.AppStore|iPhoneSimulator.Build.0 = AppStore|iPhoneSimulator
		{ECE154AE-15ED-4F0C-B1AB-F72D5E4C8B5B}.AppStore|iPhoneSimulator.Deploy.0 = AppStore|iPhoneSimulator
		{ECE154AE-15ED-4F0C-B1AB-F72D5E4C8B5B}.AppStore|x64.ActiveCfg = AppStore|iPhone
		{ECE154AE-15ED-4F0C-B1AB-F72D5E4C8B5B}.AppStore|x64.Build.0 = AppStore|iPhone
		{ECE154AE-15ED-4F0C-B1AB-F72D5E4C8B5B}.AppStore|x64.Deploy.0 = AppStore|iPhone
		{ECE154AE-15ED-4F0C-B1AB-F72D5E4C8B5B}.AppStore|x86.ActiveCfg = AppStore|iPhone
		{ECE154AE-15ED-4F0C-B1AB-F72D5E4C8B5B}.AppStore|x86.Build.0 = AppStore|iPhone
		{ECE154AE-15ED-4F0C-B1AB-F72D5E4C8B5B}.AppStore|x86.Deploy.0 = AppStore|iPhone
		{ECE154AE-15ED-4F0C-B1AB-F72D5E4C8B5B}.Debug|Any CPU.ActiveCfg = Debug|iPhoneSimulator
		{ECE154AE-15ED-4F0C-B1AB-F72D5E4C8B5B}.Debug|Any CPU.Build.0 = Debug|iPhoneSimulator
		{ECE154AE-15ED-4F0C-B1AB-F72D5E4C8B5B}.Debug|Any CPU.Deploy.0 = Debug|iPhoneSimulator
		{ECE154AE-15ED-4F0C-B1AB-F72D5E4C8B5B}.Debug|ARM.ActiveCfg = Debug|iPhone
		{ECE154AE-15ED-4F0C-B1AB-F72D5E4C8B5B}.Debug|ARM.Build.0 = Debug|iPhone
		{ECE154AE-15ED-4F0C-B1AB-F72D5E4C8B5B}.Debug|ARM.Deploy.0 = Debug|iPhone
		{ECE154AE-15ED-4F0C-B1AB-F72D5E4C8B5B}.Debug|iPhone.ActiveCfg = Debug|iPhone
		{ECE154AE-15ED-4F0C-B1AB-F72D5E4C8B5B}.Debug|iPhone.Build.0 = Debug|iPhone
		{ECE154AE-15ED-4F0C-B1AB-F72D5E4C8B5B}.Debug|iPhone.Deploy.0 = Debug|iPhone
		{ECE154AE-15ED-4F0C-B1AB-F72D5E4C8B5B}.Debug|iPhoneSimulator.ActiveCfg = Debug|iPhoneSimulator
		{ECE154AE-15ED-4F0C-B1AB-F72D5E4C8B5B}.Debug|iPhoneSimulator.Build.0 = Debug|iPhoneSimulator
		{ECE154AE-15ED-4F0C-B1AB-F72D5E4C8B5B}.Debug|iPhoneSimulator.Deploy.0 = Debug|iPhoneSimulator
		{ECE154AE-15ED-4F0C-B1AB-F72D5E4C8B5B}.Debug|x64.ActiveCfg = Debug|iPhone
		{ECE154AE-15ED-4F0C-B1AB-F72D5E4C8B5B}.Debug|x64.Build.0 = Debug|iPhone
		{ECE154AE-15ED-4F0C-B1AB-F72D5E4C8B5B}.Debug|x64.Deploy.0 = Debug|iPhone
		{ECE154AE-15ED-4F0C-B1AB-F72D5E4C8B5B}.Debug|x86.ActiveCfg = Debug|iPhone
		{ECE154AE-15ED-4F0C-B1AB-F72D5E4C8B5B}.Debug|x86.Build.0 = Debug|iPhone
		{ECE154AE-15ED-4F0C-B1AB-F72D5E4C8B5B}.Debug|x86.Deploy.0 = Debug|iPhone
		{ECE154AE-15ED-4F0C-B1AB-F72D5E4C8B5B}.Release|Any CPU.ActiveCfg = Release|iPhone
		{ECE154AE-15ED-4F0C-B1AB-F72D5E4C8B5B}.Release|Any CPU.Build.0 = Release|iPhone
		{ECE154AE-15ED-4F0C-B1AB-F72D5E4C8B5B}.Release|Any CPU.Deploy.0 = Release|iPhone
		{ECE154AE-15ED-4F0C-B1AB-F72D5E4C8B5B}.Release|ARM.ActiveCfg = Release|iPhone
		{ECE154AE-15ED-4F0C-B1AB-F72D5E4C8B5B}.Release|ARM.Build.0 = Release|iPhone
		{ECE154AE-15ED-4F0C-B1AB-F72D5E4C8B5B}.Release|ARM.Deploy.0 = Release|iPhone
		{ECE154AE-15ED-4F0C-B1AB-F72D5E4C8B5B}.Release|iPhone.ActiveCfg = Release|iPhone
		{ECE154AE-15ED-4F0C-B1AB-F72D5E4C8B5B}.Release|iPhone.Build.0 = Release|iPhone
		{ECE154AE-15ED-4F0C-B1AB-F72D5E4C8B5B}.Release|iPhone.Deploy.0 = Release|iPhone
		{ECE154AE-15ED-4F0C-B1AB-F72D5E4C8B5B}.Release|iPhoneSimulator.ActiveCfg = Release|iPhoneSimulator
		{ECE154AE-15ED-4F0C-B1AB-F72D5E4C8B5B}.Release|iPhoneSimulator.Build.0 = Release|iPhoneSimulator
		{ECE154AE-15ED-4F0C-B1AB-F72D5E4C8B5B}.Release|iPhoneSimulator.Deploy.0 = Release|iPhoneSimulator
		{ECE154AE-15ED-4F0C-B1AB-F72D5E4C8B5B}.Release|x64.ActiveCfg = Release|iPhone
		{ECE154AE-15ED-4F0C-B1AB-F72D5E4C8B5B}.Release|x64.Build.0 = Release|iPhone
		{ECE154AE-15ED-4F0C-B1AB-F72D5E4C8B5B}.Release|x64.Deploy.0 = Release|iPhone
		{ECE154AE-15ED-4F0C-B1AB-F72D5E4C8B5B}.Release|x86.ActiveCfg = Release|iPhone
		{ECE154AE-15ED-4F0C-B1AB-F72D5E4C8B5B}.Release|x86.Build.0 = Release|iPhone
		{ECE154AE-15ED-4F0C-B1AB-F72D5E4C8B5B}.Release|x86.Deploy.0 = Release|iPhone
		{8A2C1A4F-AEFD-4569-888A-147C04DFDF3A}.Ad-Hoc|Any CPU.ActiveCfg = Release|x86
		{8A2C1A4F-AEFD-4569-888A-147C04DFDF3A}.Ad-Hoc|Any CPU.Build.0 = Release|x86
		{8A2C1A4F-AEFD-4569-888A-147C04DFDF3A}.Ad-Hoc|Any CPU.Deploy.0 = Release|x86
		{8A2C1A4F-AEFD-4569-888A-147C04DFDF3A}.Ad-Hoc|ARM.ActiveCfg = Release|ARM
		{8A2C1A4F-AEFD-4569-888A-147C04DFDF3A}.Ad-Hoc|ARM.Build.0 = Release|ARM
		{8A2C1A4F-AEFD-4569-888A-147C04DFDF3A}.Ad-Hoc|ARM.Deploy.0 = Release|ARM
		{8A2C1A4F-AEFD-4569-888A-147C04DFDF3A}.Ad-Hoc|iPhone.ActiveCfg = Release|x86
		{8A2C1A4F-AEFD-4569-888A-147C04DFDF3A}.Ad-Hoc|iPhone.Build.0 = Release|x86
		{8A2C1A4F-AEFD-4569-888A-147C04DFDF3A}.Ad-Hoc|iPhone.Deploy.0 = Release|x86
		{8A2C1A4F-AEFD-4569-888A-147C04DFDF3A}.Ad-Hoc|iPhoneSimulator.ActiveCfg = Release|x86
		{8A2C1A4F-AEFD-4569-888A-147C04DFDF3A}.Ad-Hoc|iPhoneSimulator.Build.0 = Release|x86
		{8A2C1A4F-AEFD-4569-888A-147C04DFDF3A}.Ad-Hoc|iPhoneSimulator.Deploy.0 = Release|x86
		{8A2C1A4F-AEFD-4569-888A-147C04DFDF3A}.Ad-Hoc|x64.ActiveCfg = Release|x64
		{8A2C1A4F-AEFD-4569-888A-147C04DFDF3A}.Ad-Hoc|x64.Build.0 = Release|x64
		{8A2C1A4F-AEFD-4569-888A-147C04DFDF3A}.Ad-Hoc|x64.Deploy.0 = Release|x64
		{8A2C1A4F-AEFD-4569-888A-147C04DFDF3A}.Ad-Hoc|x86.ActiveCfg = Release|x86
		{8A2C1A4F-AEFD-4569-888A-147C04DFDF3A}.Ad-Hoc|x86.Build.0 = Release|x86
		{8A2C1A4F-AEFD-4569-888A-147C04DFDF3A}.Ad-Hoc|x86.Deploy.0 = Release|x86
		{8A2C1A4F-AEFD-4569-888A-147C04DFDF3A}.AppStore|Any CPU.ActiveCfg = Release|x86
		{8A2C1A4F-AEFD-4569-888A-147C04DFDF3A}.AppStore|Any CPU.Build.0 = Release|x86
		{8A2C1A4F-AEFD-4569-888A-147C04DFDF3A}.AppStore|Any CPU.Deploy.0 = Release|x86
		{8A2C1A4F-AEFD-4569-888A-147C04DFDF3A}.AppStore|ARM.ActiveCfg = Release|ARM
		{8A2C1A4F-AEFD-4569-888A-147C04DFDF3A}.AppStore|ARM.Build.0 = Release|ARM
		{8A2C1A4F-AEFD-4569-888A-147C04DFDF3A}.AppStore|ARM.Deploy.0 = Release|ARM
		{8A2C1A4F-AEFD-4569-888A-147C04DFDF3A}.AppStore|iPhone.ActiveCfg = Release|x86
		{8A2C1A4F-AEFD-4569-888A-147C04DFDF3A}.AppStore|iPhone.Build.0 = Release|x86
		{8A2C1A4F-AEFD-4569-888A-147C04DFDF3A}.AppStore|iPhone.Deploy.0 = Release|x86
		{8A2C1A4F-AEFD-4569-888A-147C04DFDF3A}.AppStore|iPhoneSimulator.ActiveCfg = Release|x86
		{8A2C1A4F-AEFD-4569-888A-147C04DFDF3A}.AppStore|iPhoneSimulator.Build.0 = Release|x86
		{8A2C1A4F-AEFD-4569-888A-147C04DFDF3A}.AppStore|iPhoneSimulator.Deploy.0 = Release|x86
		{8A2C1A4F-AEFD-4569-888A-147C04DFDF3A}.AppStore|x64.ActiveCfg = Release|x64
		{8A2C1A4F-AEFD-4569-888A-147C04DFDF3A}.AppStore|x64.Build.0 = Release|x64
		{8A2C1A4F-AEFD-4569-888A-147C04DFDF3A}.AppStore|x64.Deploy.0 = Release|x64
		{8A2C1A4F-AEFD-4569-888A-147C04DFDF3A}.AppStore|x86.ActiveCfg = Release|x86
		{8A2C1A4F-AEFD-4569-888A-147C04DFDF3A}.AppStore|x86.Build.0 = Release|x86
		{8A2C1A4F-AEFD-4569-888A-147C04DFDF3A}.AppStore|x86.Deploy.0 = Release|x86
		{8A2C1A4F-AEFD-4569-888A-147C04DFDF3A}.Debug|Any CPU.ActiveCfg = Debug|x86
		{8A2C1A4F-AEFD-4569-888A-147C04DFDF3A}.Debug|Any CPU.Build.0 = Debug|x86
		{8A2C1A4F-AEFD-4569-888A-147C04DFDF3A}.Debug|Any CPU.Deploy.0 = Debug|x86
		{8A2C1A4F-AEFD-4569-888A-147C04DFDF3A}.Debug|ARM.ActiveCfg = Debug|ARM
		{8A2C1A4F-AEFD-4569-888A-147C04DFDF3A}.Debug|ARM.Build.0 = Debug|ARM
		{8A2C1A4F-AEFD-4569-888A-147C04DFDF3A}.Debug|ARM.Deploy.0 = Debug|ARM
		{8A2C1A4F-AEFD-4569-888A-147C04DFDF3A}.Debug|iPhone.ActiveCfg = Debug|x86
		{8A2C1A4F-AEFD-4569-888A-147C04DFDF3A}.Debug|iPhone.Build.0 = Debug|x86
		{8A2C1A4F-AEFD-4569-888A-147C04DFDF3A}.Debug|iPhone.Deploy.0 = Debug|x86
		{8A2C1A4F-AEFD-4569-888A-147C04DFDF3A}.Debug|iPhoneSimulator.ActiveCfg = Debug|x86
		{8A2C1A4F-AEFD-4569-888A-147C04DFDF3A}.Debug|iPhoneSimulator.Build.0 = Debug|x86
		{8A2C1A4F-AEFD-4569-888A-147C04DFDF3A}.Debug|iPhoneSimulator.Deploy.0 = Debug|x86
		{8A2C1A4F-AEFD-4569-888A-147C04DFDF3A}.Debug|x64.ActiveCfg = Debug|x64
		{8A2C1A4F-AEFD-4569-888A-147C04DFDF3A}.Debug|x64.Build.0 = Debug|x64
		{8A2C1A4F-AEFD-4569-888A-147C04DFDF3A}.Debug|x64.Deploy.0 = Debug|x64
		{8A2C1A4F-AEFD-4569-888A-147C04DFDF3A}.Debug|x86.ActiveCfg = Debug|x86
		{8A2C1A4F-AEFD-4569-888A-147C04DFDF3A}.Debug|x86.Build.0 = Debug|x86
		{8A2C1A4F-AEFD-4569-888A-147C04DFDF3A}.Debug|x86.Deploy.0 = Debug|x86
		{8A2C1A4F-AEFD-4569-888A-147C04DFDF3A}.Release|Any CPU.ActiveCfg = Release|x86
		{8A2C1A4F-AEFD-4569-888A-147C04DFDF3A}.Release|Any CPU.Build.0 = Release|x86
		{8A2C1A4F-AEFD-4569-888A-147C04DFDF3A}.Release|Any CPU.Deploy.0 = Release|x86
		{8A2C1A4F-AEFD-4569-888A-147C04DFDF3A}.Release|ARM.ActiveCfg = Release|ARM
		{8A2C1A4F-AEFD-4569-888A-147C04DFDF3A}.Release|ARM.Build.0 = Release|ARM
		{8A2C1A4F-AEFD-4569-888A-147C04DFDF3A}.Release|ARM.Deploy.0 = Release|ARM
		{8A2C1A4F-AEFD-4569-888A-147C04DFDF3A}.Release|iPhone.ActiveCfg = Release|x86
		{8A2C1A4F-AEFD-4569-888A-147C04DFDF3A}.Release|iPhone.Build.0 = Release|x86
		{8A2C1A4F-AEFD-4569-888A-147C04DFDF3A}.Release|iPhone.Deploy.0 = Release|x86
		{8A2C1A4F-AEFD-4569-888A-147C04DFDF3A}.Release|iPhoneSimulator.ActiveCfg = Release|x86
		{8A2C1A4F-AEFD-4569-888A-147C04DFDF3A}.Release|iPhoneSimulator.Build.0 = Release|x86
		{8A2C1A4F-AEFD-4569-888A-147C04DFDF3A}.Release|iPhoneSimulator.Deploy.0 = Release|x86
		{8A2C1A4F-AEFD-4569-888A-147C04DFDF3A}.Release|x64.ActiveCfg = Release|x64
		{8A2C1A4F-AEFD-4569-888A-147C04DFDF3A}.Release|x64.Build.0 = Release|x64
		{8A2C1A4F-AEFD-4569-888A-147C04DFDF3A}.Release|x64.Deploy.0 = Release|x64
		{8A2C1A4F-AEFD-4569-888A-147C04DFDF3A}.Release|x86.ActiveCfg = Release|x86
		{8A2C1A4F-AEFD-4569-888A-147C04DFDF3A}.Release|x86.Build.0 = Release|x86
		{8A2C1A4F-AEFD-4569-888A-147C04DFDF3A}.Release|x86.Deploy.0 = Release|x86
		{7CABAA8F-B92D-43A6-B3AE-A6998303F4EE}.Ad-Hoc|Any CPU.ActiveCfg = Debug|Any CPU
		{7CABAA8F-B92D-43A6-B3AE-A6998303F4EE}.Ad-Hoc|Any CPU.Build.0 = Debug|Any CPU
		{7CABAA8F-B92D-43A6-B3AE-A6998303F4EE}.Ad-Hoc|Any CPU.Deploy.0 = Debug|Any CPU
		{7CABAA8F-B92D-43A6-B3AE-A6998303F4EE}.Ad-Hoc|ARM.ActiveCfg = Debug|Any CPU
		{7CABAA8F-B92D-43A6-B3AE-A6998303F4EE}.Ad-Hoc|ARM.Build.0 = Debug|Any CPU
		{7CABAA8F-B92D-43A6-B3AE-A6998303F4EE}.Ad-Hoc|ARM.Deploy.0 = Debug|Any CPU
		{7CABAA8F-B92D-43A6-B3AE-A6998303F4EE}.Ad-Hoc|iPhone.ActiveCfg = Debug|Any CPU
		{7CABAA8F-B92D-43A6-B3AE-A6998303F4EE}.Ad-Hoc|iPhone.Build.0 = Debug|Any CPU
		{7CABAA8F-B92D-43A6-B3AE-A6998303F4EE}.Ad-Hoc|iPhone.Deploy.0 = Debug|Any CPU
		{7CABAA8F-B92D-43A6-B3AE-A6998303F4EE}.Ad-Hoc|iPhoneSimulator.ActiveCfg = Debug|Any CPU
		{7CABAA8F-B92D-43A6-B3AE-A6998303F4EE}.Ad-Hoc|iPhoneSimulator.Build.0 = Debug|Any CPU
		{7CABAA8F-B92D-43A6-B3AE-A6998303F4EE}.Ad-Hoc|iPhoneSimulator.Deploy.0 = Debug|Any CPU
		{7CABAA8F-B92D-43A6-B3AE-A6998303F4EE}.Ad-Hoc|x64.ActiveCfg = Debug|Any CPU
		{7CABAA8F-B92D-43A6-B3AE-A6998303F4EE}.Ad-Hoc|x64.Build.0 = Debug|Any CPU
		{7CABAA8F-B92D-43A6-B3AE-A6998303F4EE}.Ad-Hoc|x64.Deploy.0 = Debug|Any CPU
		{7CABAA8F-B92D-43A6-B3AE-A6998303F4EE}.Ad-Hoc|x86.ActiveCfg = Debug|Any CPU
		{7CABAA8F-B92D-43A6-B3AE-A6998303F4EE}.Ad-Hoc|x86.Build.0 = Debug|Any CPU
		{7CABAA8F-B92D-43A6-B3AE-A6998303F4EE}.Ad-Hoc|x86.Deploy.0 = Debug|Any CPU
		{7CABAA8F-B92D-43A6-B3AE-A6998303F4EE}.AppStore|Any CPU.ActiveCfg = Debug|Any CPU
		{7CABAA8F-B92D-43A6-B3AE-A6998303F4EE}.AppStore|Any CPU.Build.0 = Debug|Any CPU
		{7CABAA8F-B92D-43A6-B3AE-A6998303F4EE}.AppStore|Any CPU.Deploy.0 = Debug|Any CPU
		{7CABAA8F-B92D-43A6-B3AE-A6998303F4EE}.AppStore|ARM.ActiveCfg = Debug|Any CPU
		{7CABAA8F-B92D-43A6-B3AE-A6998303F4EE}.AppStore|ARM.Build.0 = Debug|Any CPU
		{7CABAA8F-B92D-43A6-B3AE-A6998303F4EE}.AppStore|ARM.Deploy.0 = Debug|Any CPU
		{7CABAA8F-B92D-43A6-B3AE-A6998303F4EE}.AppStore|iPhone.ActiveCfg = Debug|Any CPU
		{7CABAA8F-B92D-43A6-B3AE-A6998303F4EE}.AppStore|iPhone.Build.0 = Debug|Any CPU
		{7CABAA8F-B92D-43A6-B3AE-A6998303F4EE}.AppStore|iPhone.Deploy.0 = Debug|Any CPU
		{7CABAA8F-B92D-43A6-B3AE-A6998303F4EE}.AppStore|iPhoneSimulator.ActiveCfg = Debug|Any CPU
		{7CABAA8F-B92D-43A6-B3AE-A6998303F4EE}.AppStore|iPhoneSimulator.Build.0 = Debug|Any CPU
		{7CABAA8F-B92D-43A6-B3AE-A6998303F4EE}.AppStore|iPhoneSimulator.Deploy.0 = Debug|Any CPU
		{7CABAA8F-B92D-43A6-B3AE-A6998303F4EE}.AppStore|x64.ActiveCfg = Debug|Any CPU
		{7CABAA8F-B92D-43A6-B3AE-A6998303F4EE}.AppStore|x64.Build.0 = Debug|Any CPU
		{7CABAA8F-B92D-43A6-B3AE-A6998303F4EE}.AppStore|x64.Deploy.0 = Debug|Any CPU
		{7CABAA8F-B92D-43A6-B3AE-A6998303F4EE}.AppStore|x86.ActiveCfg = Debug|Any CPU
		{7CABAA8F-B92D-43A6-B3AE-A6998303F4EE}.AppStore|x86.Build.0 = Debug|Any CPU
		{7CABAA8F-B92D-43A6-B3AE-A6998303F4EE}.AppStore|x86.Deploy.0 = Debug|Any CPU
		{7CABAA8F-B92D-43A6-B3AE-A6998303F4EE}.Debug|Any CPU.ActiveCfg = Debug|Any CPU
		{7CABAA8F-B92D-43A6-B3AE-A6998303F4EE}.Debug|Any CPU.Build.0 = Debug|Any CPU
		{7CABAA8F-B92D-43A6-B3AE-A6998303F4EE}.Debug|Any CPU.Deploy.0 = Debug|Any CPU
		{7CABAA8F-B92D-43A6-B3AE-A6998303F4EE}.Debug|ARM.ActiveCfg = Debug|Any CPU
		{7CABAA8F-B92D-43A6-B3AE-A6998303F4EE}.Debug|ARM.Build.0 = Debug|Any CPU
		{7CABAA8F-B92D-43A6-B3AE-A6998303F4EE}.Debug|ARM.Deploy.0 = Debug|Any CPU
		{7CABAA8F-B92D-43A6-B3AE-A6998303F4EE}.Debug|iPhone.ActiveCfg = Debug|Any CPU
		{7CABAA8F-B92D-43A6-B3AE-A6998303F4EE}.Debug|iPhone.Build.0 = Debug|Any CPU
		{7CABAA8F-B92D-43A6-B3AE-A6998303F4EE}.Debug|iPhone.Deploy.0 = Debug|Any CPU
		{7CABAA8F-B92D-43A6-B3AE-A6998303F4EE}.Debug|iPhoneSimulator.ActiveCfg = Debug|Any CPU
		{7CABAA8F-B92D-43A6-B3AE-A6998303F4EE}.Debug|iPhoneSimulator.Build.0 = Debug|Any CPU
		{7CABAA8F-B92D-43A6-B3AE-A6998303F4EE}.Debug|iPhoneSimulator.Deploy.0 = Debug|Any CPU
		{7CABAA8F-B92D-43A6-B3AE-A6998303F4EE}.Debug|x64.ActiveCfg = Debug|Any CPU
		{7CABAA8F-B92D-43A6-B3AE-A6998303F4EE}.Debug|x64.Build.0 = Debug|Any CPU
		{7CABAA8F-B92D-43A6-B3AE-A6998303F4EE}.Debug|x64.Deploy.0 = Debug|Any CPU
		{7CABAA8F-B92D-43A6-B3AE-A6998303F4EE}.Debug|x86.ActiveCfg = Debug|Any CPU
		{7CABAA8F-B92D-43A6-B3AE-A6998303F4EE}.Debug|x86.Build.0 = Debug|Any CPU
		{7CABAA8F-B92D-43A6-B3AE-A6998303F4EE}.Debug|x86.Deploy.0 = Debug|Any CPU
		{7CABAA8F-B92D-43A6-B3AE-A6998303F4EE}.Release|Any CPU.ActiveCfg = Release|Any CPU
		{7CABAA8F-B92D-43A6-B3AE-A6998303F4EE}.Release|Any CPU.Build.0 = Release|Any CPU
		{7CABAA8F-B92D-43A6-B3AE-A6998303F4EE}.Release|Any CPU.Deploy.0 = Release|Any CPU
		{7CABAA8F-B92D-43A6-B3AE-A6998303F4EE}.Release|ARM.ActiveCfg = Release|Any CPU
		{7CABAA8F-B92D-43A6-B3AE-A6998303F4EE}.Release|ARM.Build.0 = Release|Any CPU
		{7CABAA8F-B92D-43A6-B3AE-A6998303F4EE}.Release|ARM.Deploy.0 = Release|Any CPU
		{7CABAA8F-B92D-43A6-B3AE-A6998303F4EE}.Release|iPhone.ActiveCfg = Release|Any CPU
		{7CABAA8F-B92D-43A6-B3AE-A6998303F4EE}.Release|iPhone.Build.0 = Release|Any CPU
		{7CABAA8F-B92D-43A6-B3AE-A6998303F4EE}.Release|iPhone.Deploy.0 = Release|Any CPU
		{7CABAA8F-B92D-43A6-B3AE-A6998303F4EE}.Release|iPhoneSimulator.ActiveCfg = Release|Any CPU
		{7CABAA8F-B92D-43A6-B3AE-A6998303F4EE}.Release|iPhoneSimulator.Build.0 = Release|Any CPU
		{7CABAA8F-B92D-43A6-B3AE-A6998303F4EE}.Release|iPhoneSimulator.Deploy.0 = Release|Any CPU
		{7CABAA8F-B92D-43A6-B3AE-A6998303F4EE}.Release|x64.ActiveCfg = Release|Any CPU
		{7CABAA8F-B92D-43A6-B3AE-A6998303F4EE}.Release|x64.Build.0 = Release|Any CPU
		{7CABAA8F-B92D-43A6-B3AE-A6998303F4EE}.Release|x64.Deploy.0 = Release|Any CPU
		{7CABAA8F-B92D-43A6-B3AE-A6998303F4EE}.Release|x86.ActiveCfg = Release|Any CPU
		{7CABAA8F-B92D-43A6-B3AE-A6998303F4EE}.Release|x86.Build.0 = Release|Any CPU
		{7CABAA8F-B92D-43A6-B3AE-A6998303F4EE}.Release|x86.Deploy.0 = Release|Any CPU
	EndGlobalSection
	GlobalSection(SolutionProperties) = preSolution
		HideSolutionNode = FALSE
	EndGlobalSection
	GlobalSection(ExtensibilityGlobals) = postSolution
		SolutionGuid = {1594B864-A922-4740-AFF1-2C31B472AE8A}
	EndGlobalSection
EndGlobal
